PODS:
  - SDWebImage (5.18.7):
    - SDWebImage/Core (= 5.18.7)
  - SDWebImage/Core (5.18.7)

DEPENDENCIES:
  - SDWebImage

SPEC REPOS:
  trunk:
    - SDWebImage

SPEC CHECKSUMS:
  SDWebImage: f9258c58221ed854cfa0e2b80ee4033710b1c6d3

PODFILE CHECKSUM: e75a99c7996ffee39ac6c42b5520b38bdb1beefb

COCOAPODS: 1.12.0
